
Microsoft Visual Studio Solution File, Format Version 12.00
# Visual Studio Version 17
VisualStudioVersion = 17.2.32630.192
MinimumVisualStudioVersion = 10.0.40219.1
Project("{9A19103F-16F7-4668-BE54-9A1E7A4F7556}") = "ConsoleAppOne", "ConsoleAppOne\ConsoleAppOne.csproj", "{0340385F-3BCF-4FE1-85B7-B485F4B89CB7}"
EndProject
Project("{FAE04EC0-301F-11D3-BF4B-00C04F79EFBC}") = "WindowsFormsApp", "WindowsFormsApp\WindowsFormsApp.csproj", "{18CE0B32-80A8-42A0-9813-1C33B49635E4}"
EndProject
Global
	GlobalSection(SolutionConfigurationPlatforms) = preSolution
		Debug|Any CPU = Debug|Any CPU
		Release|Any CPU = Release|Any CPU
	EndGlobalSection
	GlobalSection(ProjectConfigurationPlatforms) = postSolution
		{0340385F-3BCF-4FE1-85B7-B485F4B89CB7}.Debug|Any CPU.ActiveCfg = Debug|Any CPU
		{0340385F-3BCF-4FE1-85B7-B485F4B89CB7}.Debug|Any CPU.Build.0 = Debug|Any CPU
		{0340385F-3BCF-4FE1-85B7-B485F4B89CB7}.Release|Any CPU.ActiveCfg = Release|Any CPU
		{0340385F-3BCF-4FE1-85B7-B485F4B89CB7}.Release|Any CPU.Build.0 = Release|Any CPU
		{18CE0B32-80A8-42A0-9813-1C33B49635E4}.Debug|Any CPU.ActiveCfg = Debug|Any CPU
		{18CE0B32-80A8-42A0-9813-1C33B49635E4}.Debug|Any CPU.Build.0 = Debug|Any CPU
		{18CE0B32-80A8-42A0-9813-1C33B49635E4}.Release|Any CPU.ActiveCfg = Release|Any CPU
		{18CE0B32-80A8-42A0-9813-1C33B49635E4}.Release|Any CPU.Build.0 = Release|Any CPU
	EndGlobalSection
	GlobalSection(SolutionProperties) = preSolution
		HideSolutionNode = FALSE
	EndGlobalSection
	GlobalSection(ExtensibilityGlobals) = postSolution
		SolutionGuid = {89C5EC52-5EAE-4FC9-9EE0-4D209B37346F}
	EndGlobalSection
EndGlobal
